
Microsoft Visual Studio Solution File, Format Version 12.00
# Visual Studio Version 17
VisualStudioVersion = 17.5.002.0
MinimumVisualStudioVersion = 10.0.40219.1
Project("{9A19103F-16F7-4668-BE54-9A1E7A4F7556}") = "Vertical", "Vertical.csproj", "{63A397D1-4D41-4BDE-96C0-55ECD0C09FDD}"
EndProject
Global
	GlobalSection(SolutionConfigurationPlatforms) = preSolution
		Debug|Any CPU = Debug|Any CPU
		Release|Any CPU = Release|Any CPU
	EndGlobalSection
	GlobalSection(ProjectConfigurationPlatforms) = postSolution
		{63A397D1-4D41-4BDE-96C0-55ECD0C09FDD}.Debug|Any CPU.ActiveCfg = Debug|Any CPU
		{63A397D1-4D41-4BDE-96C0-55ECD0C09FDD}.Debug|Any CPU.Build.0 = Debug|Any CPU
		{63A397D1-4D41-4BDE-96C0-55ECD0C09FDD}.Release|Any CPU.ActiveCfg = Release|Any CPU
		{63A397D1-4D41-4BDE-96C0-55ECD0C09FDD}.Release|Any CPU.Build.0 = Release|Any CPU
	EndGlobalSection
	GlobalSection(SolutionProperties) = preSolution
		HideSolutionNode = FALSE
	EndGlobalSection
	GlobalSection(ExtensibilityGlobals) = postSolution
		SolutionGuid = {B95312EA-3578-4565-B141-B5A26673ADF9}
	EndGlobalSection
EndGlobal
